github.com/zs5460/jm v0.0.1 h1:zikoRKVyfeeHgPaDmdaCDmNbt2t5V3yQYzO9YE5kWYw=
github.com/zs5460/jm v0.0.1/go.mod h1:DwySHg9QQQhhQIVuKhnnzHbhtEkYMixqX+S9acjCkJQ=
github.com/zs5460/my v0.0.8 h1:fCD+FmQPrh0VQaxdJW9Ks/hWMF9HtgAyIoSdzlPpl7M=
github.com/zs5460/my v0.0.8/go.mod h1:ENZ9+E1nPF8f5GNg5pq+0DqAP81Aqa1NEqM2gzOZ8gY=
